
Microsoft Visual Studio Solution File, Format Version 12.00
Project("{FAE04EC0-301F-11D3-BF4B-00C04F79EFBC}") = "Msploit-X", "Msploit-X\Msploit-X.csproj", "{29F0B7D0-C03E-4071-B639-F3A8600C6BB1}"
EndProject
Global
	GlobalSection(SolutionConfigurationPlatforms) = preSolution
		Debug|Any CPU = Debug|Any CPU
		Release|Any CPU = Release|Any CPU
	EndGlobalSection
	GlobalSection(ProjectConfigurationPlatforms) = postSolution
		{29F0B7D0-C03E-4071-B639-F3A8600C6BB1}.Debug|Any CPU.ActiveCfg = Debug|Any CPU
		{29F0B7D0-C03E-4071-B639-F3A8600C6BB1}.Debug|Any CPU.Build.0 = Debug|Any CPU
		{29F0B7D0-C03E-4071-B639-F3A8600C6BB1}.Release|Any CPU.ActiveCfg = Release|Any CPU
		{29F0B7D0-C03E-4071-B639-F3A8600C6BB1}.Release|Any CPU.Build.0 = Release|Any CPU
	EndGlobalSection
EndGlobal
